
Microsoft Visual Studio Solution File, Format Version 12.00
# Visual Studio Version 17
VisualStudioVersion = 17.9.34622.214
MinimumVisualStudioVersion = 10.0.40219.1
Project("{2150E333-8FDC-42A3-9474-1A3956D46DE8}") = "Data", "Data", "{B571EEDA-0CF8-44E0-A414-F2A44BD8D34F}"
EndProject
Project("{9A19103F-16F7-4668-BE54-9A1E7A4F7556}") = "AP.Data", "Data\AP.Data\AP.Data.csproj", "{D5451AB1-4819-405B-BC26-791CB892F2C0}"
EndProject
Project("{9A19103F-16F7-4668-BE54-9A1E7A4F7556}") = "AP.Data.EntityFrameworkCore", "Data\AP.Data.EntityFrameworkCore\AP.Data.EntityFrameworkCore.csproj", "{9981FC63-0421-4FA3-8743-58549AD10985}"
EndProject
Project("{9A19103F-16F7-4668-BE54-9A1E7A4F7556}") = "AP.Validation", "Core\AP.Validation\AP.Validation.csproj", "{317BD142-45BD-486B-9242-D831B5C4D891}"
EndProject
Project("{9A19103F-16F7-4668-BE54-9A1E7A4F7556}") = "AP.Data.EntityFramework", "Data\AP.Data.EntityFramework\AP.Data.EntityFramework.csproj", "{EB816C94-D1EB-4995-B522-F1764116CBA3}"
EndProject
Project("{9A19103F-16F7-4668-BE54-9A1E7A4F7556}") = "AP.Data.InMemory", "Data\AP.Data.InMemory\AP.Data.InMemory.csproj", "{71992753-8797-4987-85F8-EF8CF0A60659}"
EndProject
Project("{9A19103F-16F7-4668-BE54-9A1E7A4F7556}") = "AP.IO", "Core\AP.IO\AP.IO.csproj", "{B3C59029-DF0A-4BF2-A33A-2005F14204FB}"
EndProject
Project("{9A19103F-16F7-4668-BE54-9A1E7A4F7556}") = "AP.UniformIdentifiers", "Core\AP.UniformIdentifiers\AP.UniformIdentifiers.csproj", "{8801F018-7572-4C1F-8785-9D0F1A0EB931}"
EndProject
Project("{9A19103F-16F7-4668-BE54-9A1E7A4F7556}") = "AP.ObjectManagement", "Core\AP.ObjectManagement\AP.ObjectManagement.csproj", "{FED978F0-AA7C-4B45-AE3A-5980E4447138}"
EndProject
Project("{9A19103F-16F7-4668-BE54-9A1E7A4F7556}") = "AP.Logging", "Core\AP.Logging\AP.Logging.csproj", "{6AB43ED2-508A-4E8B-B6AD-4C6C06F61F9F}"
EndProject
Project("{2150E333-8FDC-42A3-9474-1A3956D46DE8}") = "Observables", "Observables", "{E23F6443-65D2-4D84-A08E-5E01F103B0FD}"
EndProject
Project("{9A19103F-16F7-4668-BE54-9A1E7A4F7556}") = "AP.Observable", "Core\Observable\AP.Observable\AP.Observable.csproj", "{4A0C18BA-C419-4B78-B9B5-D9005E1FE215}"
EndProject
Project("{9A19103F-16F7-4668-BE54-9A1E7A4F7556}") = "AP.Observable.Collections", "Core\Observable\AP.Observable.Collections\AP.Observable.Collections.csproj", "{C55D2B07-FA53-4606-A41A-E2184B777BCE}"
EndProject
Project("{9A19103F-16F7-4668-BE54-9A1E7A4F7556}") = "AP.Serialization", "Core\AP.Serialization\AP.Serialization.csproj", "{07240A2E-E744-49B3-AC1E-892D4EBEFBDE}"
EndProject
Project("{9A19103F-16F7-4668-BE54-9A1E7A4F7556}") = "AP", "Core\AP\AP.csproj", "{178D202C-EE5C-4422-98A3-4A0441992E2E}"
EndProject
Project("{2150E333-8FDC-42A3-9474-1A3956D46DE8}") = "_", "_", "{2BCDFAB1-604C-4B60-B7D0-F995E25FC86B}"
	ProjectSection(SolutionItems) = preProject
		.gitattributes = .gitattributes
		.gitignore = .gitignore
		Directory.Build.props = Directory.Build.props
	EndProjectSection
EndProject
Global
	GlobalSection(SolutionConfigurationPlatforms) = preSolution
		Debug|Any CPU = Debug|Any CPU
		Release|Any CPU = Release|Any CPU
	EndGlobalSection
	GlobalSection(ProjectConfigurationPlatforms) = postSolution
		{D5451AB1-4819-405B-BC26-791CB892F2C0}.Debug|Any CPU.ActiveCfg = Debug|Any CPU
		{D5451AB1-4819-405B-BC26-791CB892F2C0}.Debug|Any CPU.Build.0 = Debug|Any CPU
		{D5451AB1-4819-405B-BC26-791CB892F2C0}.Release|Any CPU.ActiveCfg = Release|Any CPU
		{D5451AB1-4819-405B-BC26-791CB892F2C0}.Release|Any CPU.Build.0 = Release|Any CPU
		{9981FC63-0421-4FA3-8743-58549AD10985}.Debug|Any CPU.ActiveCfg = Debug|Any CPU
		{9981FC63-0421-4FA3-8743-58549AD10985}.Debug|Any CPU.Build.0 = Debug|Any CPU
		{9981FC63-0421-4FA3-8743-58549AD10985}.Release|Any CPU.ActiveCfg = Release|Any CPU
		{9981FC63-0421-4FA3-8743-58549AD10985}.Release|Any CPU.Build.0 = Release|Any CPU
		{317BD142-45BD-486B-9242-D831B5C4D891}.Debug|Any CPU.ActiveCfg = Debug|Any CPU
		{317BD142-45BD-486B-9242-D831B5C4D891}.Debug|Any CPU.Build.0 = Debug|Any CPU
		{317BD142-45BD-486B-9242-D831B5C4D891}.Release|Any CPU.ActiveCfg = Release|Any CPU
		{317BD142-45BD-486B-9242-D831B5C4D891}.Release|Any CPU.Build.0 = Release|Any CPU
		{EB816C94-D1EB-4995-B522-F1764116CBA3}.Debug|Any CPU.ActiveCfg = Debug|Any CPU
		{EB816C94-D1EB-4995-B522-F1764116CBA3}.Debug|Any CPU.Build.0 = Debug|Any CPU
		{EB816C94-D1EB-4995-B522-F1764116CBA3}.Release|Any CPU.ActiveCfg = Release|Any CPU
		{EB816C94-D1EB-4995-B522-F1764116CBA3}.Release|Any CPU.Build.0 = Release|Any CPU
		{71992753-8797-4987-85F8-EF8CF0A60659}.Debug|Any CPU.ActiveCfg = Debug|Any CPU
		{71992753-8797-4987-85F8-EF8CF0A60659}.Debug|Any CPU.Build.0 = Debug|Any CPU
		{71992753-8797-4987-85F8-EF8CF0A60659}.Release|Any CPU.ActiveCfg = Release|Any CPU
		{71992753-8797-4987-85F8-EF8CF0A60659}.Release|Any CPU.Build.0 = Release|Any CPU
		{B3C59029-DF0A-4BF2-A33A-2005F14204FB}.Debug|Any CPU.ActiveCfg = Debug|Any CPU
		{B3C59029-DF0A-4BF2-A33A-2005F14204FB}.Debug|Any CPU.Build.0 = Debug|Any CPU
		{B3C59029-DF0A-4BF2-A33A-2005F14204FB}.Release|Any CPU.ActiveCfg = Release|Any CPU
		{B3C59029-DF0A-4BF2-A33A-2005F14204FB}.Release|Any CPU.Build.0 = Release|Any CPU
		{8801F018-7572-4C1F-8785-9D0F1A0EB931}.Debug|Any CPU.ActiveCfg = Debug|Any CPU
		{8801F018-7572-4C1F-8785-9D0F1A0EB931}.Debug|Any CPU.Build.0 = Debug|Any CPU
		{8801F018-7572-4C1F-8785-9D0F1A0EB931}.Release|Any CPU.ActiveCfg = Release|Any CPU
		{8801F018-7572-4C1F-8785-9D0F1A0EB931}.Release|Any CPU.Build.0 = Release|Any CPU
		{FED978F0-AA7C-4B45-AE3A-5980E4447138}.Debug|Any CPU.ActiveCfg = Debug|Any CPU
		{FED978F0-AA7C-4B45-AE3A-5980E4447138}.Debug|Any CPU.Build.0 = Debug|Any CPU
		{FED978F0-AA7C-4B45-AE3A-5980E4447138}.Release|Any CPU.ActiveCfg = Release|Any CPU
		{FED978F0-AA7C-4B45-AE3A-5980E4447138}.Release|Any CPU.Build.0 = Release|Any CPU
		{6AB43ED2-508A-4E8B-B6AD-4C6C06F61F9F}.Debug|Any CPU.ActiveCfg = Debug|Any CPU
		{6AB43ED2-508A-4E8B-B6AD-4C6C06F61F9F}.Debug|Any CPU.Build.0 = Debug|Any CPU
		{6AB43ED2-508A-4E8B-B6AD-4C6C06F61F9F}.Release|Any CPU.ActiveCfg = Release|Any CPU
		{6AB43ED2-508A-4E8B-B6AD-4C6C06F61F9F}.Release|Any CPU.Build.0 = Release|Any CPU
		{4A0C18BA-C419-4B78-B9B5-D9005E1FE215}.Debug|Any CPU.ActiveCfg = Debug|Any CPU
		{4A0C18BA-C419-4B78-B9B5-D9005E1FE215}.Debug|Any CPU.Build.0 = Debug|Any CPU
		{4A0C18BA-C419-4B78-B9B5-D9005E1FE215}.Release|Any CPU.ActiveCfg = Release|Any CPU
		{4A0C18BA-C419-4B78-B9B5-D9005E1FE215}.Release|Any CPU.Build.0 = Release|Any CPU
		{C55D2B07-FA53-4606-A41A-E2184B777BCE}.Debug|Any CPU.ActiveCfg = Debug|Any CPU
		{C55D2B07-FA53-4606-A41A-E2184B777BCE}.Debug|Any CPU.Build.0 = Debug|Any CPU
		{C55D2B07-FA53-4606-A41A-E2184B777BCE}.Release|Any CPU.ActiveCfg = Release|Any CPU
		{C55D2B07-FA53-4606-A41A-E2184B777BCE}.Release|Any CPU.Build.0 = Release|Any CPU
		{07240A2E-E744-49B3-AC1E-892D4EBEFBDE}.Debug|Any CPU.ActiveCfg = Debug|Any CPU
		{07240A2E-E744-49B3-AC1E-892D4EBEFBDE}.Debug|Any CPU.Build.0 = Debug|Any CPU
		{07240A2E-E744-49B3-AC1E-892D4EBEFBDE}.Release|Any CPU.ActiveCfg = Release|Any CPU
		{07240A2E-E744-49B3-AC1E-892D4EBEFBDE}.Release|Any CPU.Build.0 = Release|Any CPU
		{178D202C-EE5C-4422-98A3-4A0441992E2E}.Debug|Any CPU.ActiveCfg = Debug|Any CPU
		{178D202C-EE5C-4422-98A3-4A0441992E2E}.Debug|Any CPU.Build.0 = Debug|Any CPU
		{178D202C-EE5C-4422-98A3-4A0441992E2E}.Release|Any CPU.ActiveCfg = Release|Any CPU
		{178D202C-EE5C-4422-98A3-4A0441992E2E}.Release|Any CPU.Build.0 = Release|Any CPU
	EndGlobalSection
	GlobalSection(SolutionProperties) = preSolution
		HideSolutionNode = FALSE
	EndGlobalSection
	GlobalSection(NestedProjects) = preSolution
		{D5451AB1-4819-405B-BC26-791CB892F2C0} = {B571EEDA-0CF8-44E0-A414-F2A44BD8D34F}
		{9981FC63-0421-4FA3-8743-58549AD10985} = {B571EEDA-0CF8-44E0-A414-F2A44BD8D34F}
		{EB816C94-D1EB-4995-B522-F1764116CBA3} = {B571EEDA-0CF8-44E0-A414-F2A44BD8D34F}
		{71992753-8797-4987-85F8-EF8CF0A60659} = {B571EEDA-0CF8-44E0-A414-F2A44BD8D34F}
		{4A0C18BA-C419-4B78-B9B5-D9005E1FE215} = {E23F6443-65D2-4D84-A08E-5E01F103B0FD}
		{C55D2B07-FA53-4606-A41A-E2184B777BCE} = {E23F6443-65D2-4D84-A08E-5E01F103B0FD}
	EndGlobalSection
	GlobalSection(ExtensibilityGlobals) = postSolution
		SolutionGuid = {5F55BB60-3537-44BC-AB10-E3338D267B94}
	EndGlobalSection
EndGlobal
