
Microsoft Visual Studio Solution File, Format Version 12.00
# Visual Studio Version 17
VisualStudioVersion = 17.9.34622.214
MinimumVisualStudioVersion = 10.0.40219.1
Project("{2150E333-8FDC-42A3-9474-1A3956D46DE8}") = "Data", "Data", "{B571EEDA-0CF8-44E0-A414-F2A44BD8D34F}"
EndProject
Project("{9A19103F-16F7-4668-BE54-9A1E7A4F7556}") = "AP.Data", "Data\AP.Data\AP.Data.csproj", "{D5451AB1-4819-405B-BC26-791CB892F2C0}"
EndProject
Project("{9A19103F-16F7-4668-BE54-9A1E7A4F7556}") = "AP.Data.EntityFrameworkCore", "Data\AP.Data.EntityFrameworkCore\AP.Data.EntityFrameworkCore.csproj", "{9981FC63-0421-4FA3-8743-58549AD10985}"
EndProject
Project("{9A19103F-16F7-4668-BE54-9A1E7A4F7556}") = "AP.Validation", "Core\AP.Validation\AP.Validation.csproj", "{317BD142-45BD-486B-9242-D831B5C4D891}"
EndProject
Project("{9A19103F-16F7-4668-BE54-9A1E7A4F7556}") = "AP.Data.EntityFramework", "Data\AP.Data.EntityFramework\AP.Data.EntityFramework.csproj", "{EB816C94-D1EB-4995-B522-F1764116CBA3}"
EndProject
Project("{9A19103F-16F7-4668-BE54-9A1E7A4F7556}") = "AP.Data.InMemory", "Data\AP.Data.InMemory\AP.Data.InMemory.csproj", "{71992753-8797-4987-85F8-EF8CF0A60659}"
EndProject
Project("{9A19103F-16F7-4668-BE54-9A1E7A4F7556}") = "AP.IO", "Core\AP.IO\AP.IO.csproj", "{B3C59029-DF0A-4BF2-A33A-2005F14204FB}"
EndProject
Project("{9A19103F-16F7-4668-BE54-9A1E7A4F7556}") = "AP.UniformIdentifiers", "Core\AP.UniformIdentifiers\AP.UniformIdentifiers.csproj", "{8801F018-7572-4C1F-8785-9D0F1A0EB931}"
EndProject
Project("{9A19103F-16F7-4668-BE54-9A1E7A4F7556}") = "AP.Logging", "Core\AP.Logging\AP.Logging.csproj", "{6AB43ED2-508A-4E8B-B6AD-4C6C06F61F9F}"
EndProject
Project("{2150E333-8FDC-42A3-9474-1A3956D46DE8}") = "Observables", "Observables", "{E23F6443-65D2-4D84-A08E-5E01F103B0FD}"
EndProject
Project("{9A19103F-16F7-4668-BE54-9A1E7A4F7556}") = "AP.Observable", "Core\Observable\AP.Observable\AP.Observable.csproj", "{4A0C18BA-C419-4B78-B9B5-D9005E1FE215}"
EndProject
Project("{9A19103F-16F7-4668-BE54-9A1E7A4F7556}") = "AP.Serialization", "Core\AP.Serialization\AP.Serialization.csproj", "{07240A2E-E744-49B3-AC1E-892D4EBEFBDE}"
EndProject
Project("{9A19103F-16F7-4668-BE54-9A1E7A4F7556}") = "AP", "Core\AP\AP.csproj", "{178D202C-EE5C-4422-98A3-4A0441992E2E}"
EndProject
Project("{2150E333-8FDC-42A3-9474-1A3956D46DE8}") = "_", "_", "{2BCDFAB1-604C-4B60-B7D0-F995E25FC86B}"
	ProjectSection(SolutionItems) = preProject
		.gitattributes = .gitattributes
		.gitignore = .gitignore
		Directory.Build.props = Directory.Build.props
	EndProjectSection
EndProject
Project("{FAE04EC0-301F-11D3-BF4B-00C04F79EFBC}") = "AP.ComponentModel", "Core\AP.ComponentModel\AP.ComponentModel.csproj", "{458B10D1-CE63-41DC-9036-CFB8C7E73812}"
EndProject
Project("{FAE04EC0-301F-11D3-BF4B-00C04F79EFBC}") = "AP.TypeConversion", "Core\AP.TypeConversion\AP.TypeConversion.csproj", "{5651B68C-C48B-493C-96D6-371697F4338A}"
EndProject
Project("{2150E333-8FDC-42A3-9474-1A3956D46DE8}") = "Applications", "Applications", "{8D39D326-0C87-4B5A-8614-6376455C61EA}"
EndProject
Project("{FAE04EC0-301F-11D3-BF4B-00C04F79EFBC}") = "AP.Panacea", "Applications\AP.Panacea\AP.Panacea.csproj", "{23D59B37-207E-4CCE-94C7-C4F1E4DF130A}"
EndProject
Project("{FAE04EC0-301F-11D3-BF4B-00C04F79EFBC}") = "AP.UI", "Applications\AP.UI\AP.UI.csproj", "{89DAFBDC-01D1-423B-AACF-55ED0B0FA6CE}"
EndProject
Project("{FAE04EC0-301F-11D3-BF4B-00C04F79EFBC}") = "AP.ObjectManagement", "Applications\AP.ObjectManagement\AP.ObjectManagement.csproj", "{A583CB90-EFBD-4B1E-AA7A-76E749516276}"
EndProject
Project("{2150E333-8FDC-42A3-9474-1A3956D46DE8}") = "Security", "Security", "{2A7AABF6-1E26-4B13-B75D-3C84E80B6F56}"
EndProject
Project("{FAE04EC0-301F-11D3-BF4B-00C04F79EFBC}") = "AP.Security", "Applications\Security\AP.Security\AP.Security.csproj", "{93AB9398-D080-4B25-B2C5-324E4625623C}"
EndProject
Project("{FAE04EC0-301F-11D3-BF4B-00C04F79EFBC}") = "AP.Collections.Observable", "Core\Observable\AP.Collections.Observable\AP.Collections.Observable.csproj", "{B15EC6BE-51D0-42F6-BC6E-04C2C4C2F7BD}"
EndProject
Project("{2150E333-8FDC-42A3-9474-1A3956D46DE8}") = "Web", "Web", "{9424588A-7FD6-4FC6-BA3F-19B6CE30BE01}"
	ProjectSection(SolutionItems) = preProject
		Applications\Web\AP.Web.Panacea\AP.Web.Panacea.csproj = Applications\Web\AP.Web.Panacea\AP.Web.Panacea.csproj
	EndProjectSection
EndProject
Project("{2150E333-8FDC-42A3-9474-1A3956D46DE8}") = "Desktop", "Desktop", "{86C8100A-A3E8-4B4B-AF7E-B72C7F7CAEC8}"
EndProject
Project("{FAE04EC0-301F-11D3-BF4B-00C04F79EFBC}") = "AP.Windows", "Applications\Desktop\AP.Windows\AP.Windows.csproj", "{752D3232-FCCD-4B1B-BA91-2362228FA7ED}"
EndProject
Project("{FAE04EC0-301F-11D3-BF4B-00C04F79EFBC}") = "AP.Windows.Panacea", "Applications\Desktop\AP.Windows.Panacea\AP.Windows.Panacea.csproj", "{9993369D-FAE3-46A0-9A8E-4B6613853FA4}"
EndProject
Project("{FAE04EC0-301F-11D3-BF4B-00C04F79EFBC}") = "AP.Windows.Panacea.DemoApp", "Applications\Desktop\AP.Windows.Panacea.DemoApp\AP.Windows.Panacea.DemoApp.csproj", "{C60BC5A7-32B6-4266-AB13-4B7F55B7B6D4}"
EndProject
Project("{FAE04EC0-301F-11D3-BF4B-00C04F79EFBC}") = "AP.Web", "Applications\Web\AP.Web\AP.Web.csproj", "{FA98D4BA-36E3-41CA-AADC-F30DF003420F}"
EndProject
Project("{FAE04EC0-301F-11D3-BF4B-00C04F79EFBC}") = "AP.Web.Panacea.DemoApp", "Applications\Web\AP.Web.Panacea.DemoApp\AP.Web.Panacea.DemoApp.csproj", "{2A0FDAB7-A8AB-4557-B398-7D650D5FF84B}"
EndProject
Project("{FAE04EC0-301F-11D3-BF4B-00C04F79EFBC}") = "AP.Cryptography", "Core\AP.Cryptography\AP.Cryptography.csproj", "{B59A09AD-9B73-49D8-ACC3-B8665D6875C0}"
EndProject
Project("{FAE04EC0-301F-11D3-BF4B-00C04F79EFBC}") = "AP.Security.EntityFramework", "Applications\Security\AP.Security.EntityFramework\AP.Security.EntityFramework.csproj", "{9EF7061D-EC15-4205-9BC3-5ED6B6D90F4C}"
EndProject
Project("{FAE04EC0-301F-11D3-BF4B-00C04F79EFBC}") = "AP.Configuration", "Applications\AP.Configuration\AP.Configuration.csproj", "{338D4684-D36D-4F6F-8D7F-3D01070EB555}"
EndProject
Project("{FAE04EC0-301F-11D3-BF4B-00C04F79EFBC}") = "AP.IO.Web", "Applications\Web\AP.IO.Web\AP.IO.Web.csproj", "{02DC92B8-CBC0-4CCF-8366-2B9947B0757A}"
EndProject
Project("{FAE04EC0-301F-11D3-BF4B-00C04F79EFBC}") = "AP.Localization", "Core\AP.Localization\AP.Localization.csproj", "{F7D08E16-06F9-41F2-B713-59058F82FFD5}"
EndProject
Global
	GlobalSection(SolutionConfigurationPlatforms) = preSolution
		Debug|Any CPU = Debug|Any CPU
		Release|Any CPU = Release|Any CPU
	EndGlobalSection
	GlobalSection(ProjectConfigurationPlatforms) = postSolution
		{D5451AB1-4819-405B-BC26-791CB892F2C0}.Debug|Any CPU.ActiveCfg = Debug|Any CPU
		{D5451AB1-4819-405B-BC26-791CB892F2C0}.Debug|Any CPU.Build.0 = Debug|Any CPU
		{D5451AB1-4819-405B-BC26-791CB892F2C0}.Release|Any CPU.ActiveCfg = Release|Any CPU
		{D5451AB1-4819-405B-BC26-791CB892F2C0}.Release|Any CPU.Build.0 = Release|Any CPU
		{9981FC63-0421-4FA3-8743-58549AD10985}.Debug|Any CPU.ActiveCfg = Debug|Any CPU
		{9981FC63-0421-4FA3-8743-58549AD10985}.Debug|Any CPU.Build.0 = Debug|Any CPU
		{9981FC63-0421-4FA3-8743-58549AD10985}.Release|Any CPU.ActiveCfg = Release|Any CPU
		{9981FC63-0421-4FA3-8743-58549AD10985}.Release|Any CPU.Build.0 = Release|Any CPU
		{317BD142-45BD-486B-9242-D831B5C4D891}.Debug|Any CPU.ActiveCfg = Debug|Any CPU
		{317BD142-45BD-486B-9242-D831B5C4D891}.Debug|Any CPU.Build.0 = Debug|Any CPU
		{317BD142-45BD-486B-9242-D831B5C4D891}.Release|Any CPU.ActiveCfg = Release|Any CPU
		{317BD142-45BD-486B-9242-D831B5C4D891}.Release|Any CPU.Build.0 = Release|Any CPU
		{EB816C94-D1EB-4995-B522-F1764116CBA3}.Debug|Any CPU.ActiveCfg = Debug|Any CPU
		{EB816C94-D1EB-4995-B522-F1764116CBA3}.Debug|Any CPU.Build.0 = Debug|Any CPU
		{EB816C94-D1EB-4995-B522-F1764116CBA3}.Release|Any CPU.ActiveCfg = Release|Any CPU
		{EB816C94-D1EB-4995-B522-F1764116CBA3}.Release|Any CPU.Build.0 = Release|Any CPU
		{71992753-8797-4987-85F8-EF8CF0A60659}.Debug|Any CPU.ActiveCfg = Debug|Any CPU
		{71992753-8797-4987-85F8-EF8CF0A60659}.Debug|Any CPU.Build.0 = Debug|Any CPU
		{71992753-8797-4987-85F8-EF8CF0A60659}.Release|Any CPU.ActiveCfg = Release|Any CPU
		{71992753-8797-4987-85F8-EF8CF0A60659}.Release|Any CPU.Build.0 = Release|Any CPU
		{B3C59029-DF0A-4BF2-A33A-2005F14204FB}.Debug|Any CPU.ActiveCfg = Debug|Any CPU
		{B3C59029-DF0A-4BF2-A33A-2005F14204FB}.Debug|Any CPU.Build.0 = Debug|Any CPU
		{B3C59029-DF0A-4BF2-A33A-2005F14204FB}.Release|Any CPU.ActiveCfg = Release|Any CPU
		{B3C59029-DF0A-4BF2-A33A-2005F14204FB}.Release|Any CPU.Build.0 = Release|Any CPU
		{8801F018-7572-4C1F-8785-9D0F1A0EB931}.Debug|Any CPU.ActiveCfg = Debug|Any CPU
		{8801F018-7572-4C1F-8785-9D0F1A0EB931}.Debug|Any CPU.Build.0 = Debug|Any CPU
		{8801F018-7572-4C1F-8785-9D0F1A0EB931}.Release|Any CPU.ActiveCfg = Release|Any CPU
		{8801F018-7572-4C1F-8785-9D0F1A0EB931}.Release|Any CPU.Build.0 = Release|Any CPU
		{6AB43ED2-508A-4E8B-B6AD-4C6C06F61F9F}.Debug|Any CPU.ActiveCfg = Debug|Any CPU
		{6AB43ED2-508A-4E8B-B6AD-4C6C06F61F9F}.Debug|Any CPU.Build.0 = Debug|Any CPU
		{6AB43ED2-508A-4E8B-B6AD-4C6C06F61F9F}.Release|Any CPU.ActiveCfg = Release|Any CPU
		{6AB43ED2-508A-4E8B-B6AD-4C6C06F61F9F}.Release|Any CPU.Build.0 = Release|Any CPU
		{4A0C18BA-C419-4B78-B9B5-D9005E1FE215}.Debug|Any CPU.ActiveCfg = Debug|Any CPU
		{4A0C18BA-C419-4B78-B9B5-D9005E1FE215}.Debug|Any CPU.Build.0 = Debug|Any CPU
		{4A0C18BA-C419-4B78-B9B5-D9005E1FE215}.Release|Any CPU.ActiveCfg = Release|Any CPU
		{4A0C18BA-C419-4B78-B9B5-D9005E1FE215}.Release|Any CPU.Build.0 = Release|Any CPU
		{07240A2E-E744-49B3-AC1E-892D4EBEFBDE}.Debug|Any CPU.ActiveCfg = Debug|Any CPU
		{07240A2E-E744-49B3-AC1E-892D4EBEFBDE}.Debug|Any CPU.Build.0 = Debug|Any CPU
		{07240A2E-E744-49B3-AC1E-892D4EBEFBDE}.Release|Any CPU.ActiveCfg = Release|Any CPU
		{07240A2E-E744-49B3-AC1E-892D4EBEFBDE}.Release|Any CPU.Build.0 = Release|Any CPU
		{178D202C-EE5C-4422-98A3-4A0441992E2E}.Debug|Any CPU.ActiveCfg = Debug|Any CPU
		{178D202C-EE5C-4422-98A3-4A0441992E2E}.Debug|Any CPU.Build.0 = Debug|Any CPU
		{178D202C-EE5C-4422-98A3-4A0441992E2E}.Release|Any CPU.ActiveCfg = Release|Any CPU
		{178D202C-EE5C-4422-98A3-4A0441992E2E}.Release|Any CPU.Build.0 = Release|Any CPU
		{458B10D1-CE63-41DC-9036-CFB8C7E73812}.Debug|Any CPU.ActiveCfg = Debug|Any CPU
		{458B10D1-CE63-41DC-9036-CFB8C7E73812}.Debug|Any CPU.Build.0 = Debug|Any CPU
		{458B10D1-CE63-41DC-9036-CFB8C7E73812}.Release|Any CPU.ActiveCfg = Release|Any CPU
		{458B10D1-CE63-41DC-9036-CFB8C7E73812}.Release|Any CPU.Build.0 = Release|Any CPU
		{5651B68C-C48B-493C-96D6-371697F4338A}.Debug|Any CPU.ActiveCfg = Debug|Any CPU
		{5651B68C-C48B-493C-96D6-371697F4338A}.Debug|Any CPU.Build.0 = Debug|Any CPU
		{5651B68C-C48B-493C-96D6-371697F4338A}.Release|Any CPU.ActiveCfg = Release|Any CPU
		{5651B68C-C48B-493C-96D6-371697F4338A}.Release|Any CPU.Build.0 = Release|Any CPU
		{23D59B37-207E-4CCE-94C7-C4F1E4DF130A}.Debug|Any CPU.ActiveCfg = Debug|Any CPU
		{23D59B37-207E-4CCE-94C7-C4F1E4DF130A}.Debug|Any CPU.Build.0 = Debug|Any CPU
		{23D59B37-207E-4CCE-94C7-C4F1E4DF130A}.Release|Any CPU.ActiveCfg = Release|Any CPU
		{23D59B37-207E-4CCE-94C7-C4F1E4DF130A}.Release|Any CPU.Build.0 = Release|Any CPU
		{89DAFBDC-01D1-423B-AACF-55ED0B0FA6CE}.Debug|Any CPU.ActiveCfg = Debug|Any CPU
		{89DAFBDC-01D1-423B-AACF-55ED0B0FA6CE}.Debug|Any CPU.Build.0 = Debug|Any CPU
		{89DAFBDC-01D1-423B-AACF-55ED0B0FA6CE}.Release|Any CPU.ActiveCfg = Release|Any CPU
		{89DAFBDC-01D1-423B-AACF-55ED0B0FA6CE}.Release|Any CPU.Build.0 = Release|Any CPU
		{A583CB90-EFBD-4B1E-AA7A-76E749516276}.Debug|Any CPU.ActiveCfg = Debug|Any CPU
		{A583CB90-EFBD-4B1E-AA7A-76E749516276}.Debug|Any CPU.Build.0 = Debug|Any CPU
		{A583CB90-EFBD-4B1E-AA7A-76E749516276}.Release|Any CPU.ActiveCfg = Release|Any CPU
		{A583CB90-EFBD-4B1E-AA7A-76E749516276}.Release|Any CPU.Build.0 = Release|Any CPU
		{93AB9398-D080-4B25-B2C5-324E4625623C}.Debug|Any CPU.ActiveCfg = Debug|Any CPU
		{93AB9398-D080-4B25-B2C5-324E4625623C}.Debug|Any CPU.Build.0 = Debug|Any CPU
		{93AB9398-D080-4B25-B2C5-324E4625623C}.Release|Any CPU.ActiveCfg = Release|Any CPU
		{93AB9398-D080-4B25-B2C5-324E4625623C}.Release|Any CPU.Build.0 = Release|Any CPU
		{B15EC6BE-51D0-42F6-BC6E-04C2C4C2F7BD}.Debug|Any CPU.ActiveCfg = Debug|Any CPU
		{B15EC6BE-51D0-42F6-BC6E-04C2C4C2F7BD}.Debug|Any CPU.Build.0 = Debug|Any CPU
		{B15EC6BE-51D0-42F6-BC6E-04C2C4C2F7BD}.Release|Any CPU.ActiveCfg = Release|Any CPU
		{B15EC6BE-51D0-42F6-BC6E-04C2C4C2F7BD}.Release|Any CPU.Build.0 = Release|Any CPU
		{752D3232-FCCD-4B1B-BA91-2362228FA7ED}.Debug|Any CPU.ActiveCfg = Debug|Any CPU
		{752D3232-FCCD-4B1B-BA91-2362228FA7ED}.Debug|Any CPU.Build.0 = Debug|Any CPU
		{752D3232-FCCD-4B1B-BA91-2362228FA7ED}.Release|Any CPU.ActiveCfg = Release|Any CPU
		{752D3232-FCCD-4B1B-BA91-2362228FA7ED}.Release|Any CPU.Build.0 = Release|Any CPU
		{9993369D-FAE3-46A0-9A8E-4B6613853FA4}.Debug|Any CPU.ActiveCfg = Debug|Any CPU
		{9993369D-FAE3-46A0-9A8E-4B6613853FA4}.Debug|Any CPU.Build.0 = Debug|Any CPU
		{9993369D-FAE3-46A0-9A8E-4B6613853FA4}.Release|Any CPU.ActiveCfg = Release|Any CPU
		{9993369D-FAE3-46A0-9A8E-4B6613853FA4}.Release|Any CPU.Build.0 = Release|Any CPU
		{C60BC5A7-32B6-4266-AB13-4B7F55B7B6D4}.Debug|Any CPU.ActiveCfg = Debug|Any CPU
		{C60BC5A7-32B6-4266-AB13-4B7F55B7B6D4}.Debug|Any CPU.Build.0 = Debug|Any CPU
		{C60BC5A7-32B6-4266-AB13-4B7F55B7B6D4}.Release|Any CPU.ActiveCfg = Release|Any CPU
		{C60BC5A7-32B6-4266-AB13-4B7F55B7B6D4}.Release|Any CPU.Build.0 = Release|Any CPU
		{FA98D4BA-36E3-41CA-AADC-F30DF003420F}.Debug|Any CPU.ActiveCfg = Debug|Any CPU
		{FA98D4BA-36E3-41CA-AADC-F30DF003420F}.Debug|Any CPU.Build.0 = Debug|Any CPU
		{FA98D4BA-36E3-41CA-AADC-F30DF003420F}.Release|Any CPU.ActiveCfg = Release|Any CPU
		{FA98D4BA-36E3-41CA-AADC-F30DF003420F}.Release|Any CPU.Build.0 = Release|Any CPU
		{2A0FDAB7-A8AB-4557-B398-7D650D5FF84B}.Debug|Any CPU.ActiveCfg = Debug|Any CPU
		{2A0FDAB7-A8AB-4557-B398-7D650D5FF84B}.Debug|Any CPU.Build.0 = Debug|Any CPU
		{2A0FDAB7-A8AB-4557-B398-7D650D5FF84B}.Release|Any CPU.ActiveCfg = Release|Any CPU
		{2A0FDAB7-A8AB-4557-B398-7D650D5FF84B}.Release|Any CPU.Build.0 = Release|Any CPU
		{B59A09AD-9B73-49D8-ACC3-B8665D6875C0}.Debug|Any CPU.ActiveCfg = Debug|Any CPU
		{B59A09AD-9B73-49D8-ACC3-B8665D6875C0}.Debug|Any CPU.Build.0 = Debug|Any CPU
		{B59A09AD-9B73-49D8-ACC3-B8665D6875C0}.Release|Any CPU.ActiveCfg = Release|Any CPU
		{B59A09AD-9B73-49D8-ACC3-B8665D6875C0}.Release|Any CPU.Build.0 = Release|Any CPU
		{9EF7061D-EC15-4205-9BC3-5ED6B6D90F4C}.Debug|Any CPU.ActiveCfg = Debug|Any CPU
		{9EF7061D-EC15-4205-9BC3-5ED6B6D90F4C}.Debug|Any CPU.Build.0 = Debug|Any CPU
		{9EF7061D-EC15-4205-9BC3-5ED6B6D90F4C}.Release|Any CPU.ActiveCfg = Release|Any CPU
		{9EF7061D-EC15-4205-9BC3-5ED6B6D90F4C}.Release|Any CPU.Build.0 = Release|Any CPU
		{338D4684-D36D-4F6F-8D7F-3D01070EB555}.Debug|Any CPU.ActiveCfg = Debug|Any CPU
		{338D4684-D36D-4F6F-8D7F-3D01070EB555}.Debug|Any CPU.Build.0 = Debug|Any CPU
		{338D4684-D36D-4F6F-8D7F-3D01070EB555}.Release|Any CPU.ActiveCfg = Release|Any CPU
		{338D4684-D36D-4F6F-8D7F-3D01070EB555}.Release|Any CPU.Build.0 = Release|Any CPU
		{02DC92B8-CBC0-4CCF-8366-2B9947B0757A}.Debug|Any CPU.ActiveCfg = Debug|Any CPU
		{02DC92B8-CBC0-4CCF-8366-2B9947B0757A}.Debug|Any CPU.Build.0 = Debug|Any CPU
		{02DC92B8-CBC0-4CCF-8366-2B9947B0757A}.Release|Any CPU.ActiveCfg = Release|Any CPU
		{02DC92B8-CBC0-4CCF-8366-2B9947B0757A}.Release|Any CPU.Build.0 = Release|Any CPU
		{F7D08E16-06F9-41F2-B713-59058F82FFD5}.Debug|Any CPU.ActiveCfg = Debug|Any CPU
		{F7D08E16-06F9-41F2-B713-59058F82FFD5}.Debug|Any CPU.Build.0 = Debug|Any CPU
		{F7D08E16-06F9-41F2-B713-59058F82FFD5}.Release|Any CPU.ActiveCfg = Release|Any CPU
		{F7D08E16-06F9-41F2-B713-59058F82FFD5}.Release|Any CPU.Build.0 = Release|Any CPU
	EndGlobalSection
	GlobalSection(SolutionProperties) = preSolution
		HideSolutionNode = FALSE
	EndGlobalSection
	GlobalSection(NestedProjects) = preSolution
		{D5451AB1-4819-405B-BC26-791CB892F2C0} = {B571EEDA-0CF8-44E0-A414-F2A44BD8D34F}
		{9981FC63-0421-4FA3-8743-58549AD10985} = {B571EEDA-0CF8-44E0-A414-F2A44BD8D34F}
		{EB816C94-D1EB-4995-B522-F1764116CBA3} = {B571EEDA-0CF8-44E0-A414-F2A44BD8D34F}
		{71992753-8797-4987-85F8-EF8CF0A60659} = {B571EEDA-0CF8-44E0-A414-F2A44BD8D34F}
		{4A0C18BA-C419-4B78-B9B5-D9005E1FE215} = {E23F6443-65D2-4D84-A08E-5E01F103B0FD}
		{23D59B37-207E-4CCE-94C7-C4F1E4DF130A} = {8D39D326-0C87-4B5A-8614-6376455C61EA}
		{89DAFBDC-01D1-423B-AACF-55ED0B0FA6CE} = {8D39D326-0C87-4B5A-8614-6376455C61EA}
		{A583CB90-EFBD-4B1E-AA7A-76E749516276} = {8D39D326-0C87-4B5A-8614-6376455C61EA}
		{2A7AABF6-1E26-4B13-B75D-3C84E80B6F56} = {8D39D326-0C87-4B5A-8614-6376455C61EA}
		{93AB9398-D080-4B25-B2C5-324E4625623C} = {2A7AABF6-1E26-4B13-B75D-3C84E80B6F56}
		{B15EC6BE-51D0-42F6-BC6E-04C2C4C2F7BD} = {E23F6443-65D2-4D84-A08E-5E01F103B0FD}
		{9424588A-7FD6-4FC6-BA3F-19B6CE30BE01} = {8D39D326-0C87-4B5A-8614-6376455C61EA}
		{86C8100A-A3E8-4B4B-AF7E-B72C7F7CAEC8} = {8D39D326-0C87-4B5A-8614-6376455C61EA}
		{752D3232-FCCD-4B1B-BA91-2362228FA7ED} = {86C8100A-A3E8-4B4B-AF7E-B72C7F7CAEC8}
		{9993369D-FAE3-46A0-9A8E-4B6613853FA4} = {86C8100A-A3E8-4B4B-AF7E-B72C7F7CAEC8}
		{C60BC5A7-32B6-4266-AB13-4B7F55B7B6D4} = {86C8100A-A3E8-4B4B-AF7E-B72C7F7CAEC8}
		{FA98D4BA-36E3-41CA-AADC-F30DF003420F} = {9424588A-7FD6-4FC6-BA3F-19B6CE30BE01}
		{2A0FDAB7-A8AB-4557-B398-7D650D5FF84B} = {9424588A-7FD6-4FC6-BA3F-19B6CE30BE01}
		{9EF7061D-EC15-4205-9BC3-5ED6B6D90F4C} = {2A7AABF6-1E26-4B13-B75D-3C84E80B6F56}
		{338D4684-D36D-4F6F-8D7F-3D01070EB555} = {8D39D326-0C87-4B5A-8614-6376455C61EA}
		{02DC92B8-CBC0-4CCF-8366-2B9947B0757A} = {9424588A-7FD6-4FC6-BA3F-19B6CE30BE01}
	EndGlobalSection
	GlobalSection(ExtensibilityGlobals) = postSolution
		SolutionGuid = {5F55BB60-3537-44BC-AB10-E3338D267B94}
	EndGlobalSection
EndGlobal
