
Microsoft Visual Studio Solution File, Format Version 12.00
# Visual Studio Version 17
VisualStudioVersion = 17.1.32328.378
MinimumVisualStudioVersion = 10.0.40219.1
Project("{2150E333-8FDC-42A3-9474-1A3956D46DE8}") = "Core", "Core", "{5E8FB335-A551-4245-9566-3659108BECC6}"
EndProject
Project("{2150E333-8FDC-42A3-9474-1A3956D46DE8}") = "Data", "Data", "{B571EEDA-0CF8-44E0-A414-F2A44BD8D34F}"
EndProject
Project("{2150E333-8FDC-42A3-9474-1A3956D46DE8}") = "Security", "Security", "{CB673ABB-1332-477F-8089-C151BC616E97}"
EndProject
Project("{9A19103F-16F7-4668-BE54-9A1E7A4F7556}") = "AP", "Core\AP\AP.csproj", "{B9554829-A38A-4281-9EE2-019411AF6EA7}"
EndProject
Project("{9A19103F-16F7-4668-BE54-9A1E7A4F7556}") = "AP.Security", "Security\AP.Security\AP.Security.csproj", "{C80D56F5-A612-4230-AF05-DA0388A05A4A}"
EndProject
Project("{9A19103F-16F7-4668-BE54-9A1E7A4F7556}") = "AP.Security.Cryptography", "Security\AP.Security.Cryptography\AP.Security.Cryptography.csproj", "{02D6D3B6-B0D9-4B2E-9428-81650F8C8D2F}"
EndProject
Project("{9A19103F-16F7-4668-BE54-9A1E7A4F7556}") = "AP.Data", "Data\AP.Data\AP.Data.csproj", "{D5451AB1-4819-405B-BC26-791CB892F2C0}"
EndProject
Project("{9A19103F-16F7-4668-BE54-9A1E7A4F7556}") = "AP.Data.EntityFrameworkCore", "Data\AP.Data.EntityFrameworkCore\AP.Data.EntityFrameworkCore.csproj", "{9981FC63-0421-4FA3-8743-58549AD10985}"
EndProject
Project("{9A19103F-16F7-4668-BE54-9A1E7A4F7556}") = "AP.Validation", "Core\AP.Validation\AP.Validation.csproj", "{317BD142-45BD-486B-9242-D831B5C4D891}"
EndProject
Project("{9A19103F-16F7-4668-BE54-9A1E7A4F7556}") = "AP.Data.EntityFramework", "Data\AP.Data.EntityFramework\AP.Data.EntityFramework.csproj", "{EB816C94-D1EB-4995-B522-F1764116CBA3}"
EndProject
Project("{9A19103F-16F7-4668-BE54-9A1E7A4F7556}") = "AP.Data.InMemory", "Data\AP.Data.InMemory\AP.Data.InMemory.csproj", "{71992753-8797-4987-85F8-EF8CF0A60659}"
EndProject
Project("{9A19103F-16F7-4668-BE54-9A1E7A4F7556}") = "AP.IO", "Core\AP.IO\AP.IO.csproj", "{B3C59029-DF0A-4BF2-A33A-2005F14204FB}"
EndProject
Project("{9A19103F-16F7-4668-BE54-9A1E7A4F7556}") = "AP.UniformIdentifiers", "Core\AP.UniformIdentifiers\AP.UniformIdentifiers.csproj", "{8801F018-7572-4C1F-8785-9D0F1A0EB931}"
EndProject
Project("{2150E333-8FDC-42A3-9474-1A3956D46DE8}") = "Targets", "Targets", "{416E6605-142D-451E-8D3E-1071D1874BD0}"
EndProject
Project("{9A19103F-16F7-4668-BE54-9A1E7A4F7556}") = "AP.ObjectManagement", "Core\AP.ObjectManagement\AP.ObjectManagement.csproj", "{FED978F0-AA7C-4B45-AE3A-5980E4447138}"
EndProject
Project("{9A19103F-16F7-4668-BE54-9A1E7A4F7556}") = "AP.Logging", "Core\AP.Logging\AP.Logging.csproj", "{6AB43ED2-508A-4E8B-B6AD-4C6C06F61F9F}"
EndProject
Project("{2150E333-8FDC-42A3-9474-1A3956D46DE8}") = "Web", "Web", "{8D539B0A-1398-423F-8F5D-A6D6CB8E901A}"
EndProject
Project("{2150E333-8FDC-42A3-9474-1A3956D46DE8}") = "Mobile", "Mobile", "{A709C735-41C5-4C77-BD14-35D253FBA963}"
EndProject
Project("{2150E333-8FDC-42A3-9474-1A3956D46DE8}") = "Desktop", "Desktop", "{5AD4EA5E-D93E-40E6-9CD8-F0880F966196}"
EndProject
Project("{9A19103F-16F7-4668-BE54-9A1E7A4F7556}") = "AP.Targets.Desktop.WPF", "Targets\Desktop\AP.Targets.Desktop.WPF\AP.Targets.Desktop.WPF.csproj", "{367C6CB7-CB5A-4DFB-86EE-877A5230C50E}"
EndProject
Project("{9A19103F-16F7-4668-BE54-9A1E7A4F7556}") = "AP.Targets.Desktop.WinForms", "Targets\Desktop\AP.Targets.Desktop.WinForms\AP.Targets.Desktop.WinForms.csproj", "{FB755EC5-F6F3-4E7E-9ECA-1691A9DBF8DB}"
EndProject
Project("{9A19103F-16F7-4668-BE54-9A1E7A4F7556}") = "AP.Configuration", "Core\AP.Configuration\AP.Configuration.csproj", "{D37DBE96-F4B6-457D-A96F-38EABF102A0A}"
EndProject
Project("{2150E333-8FDC-42A3-9474-1A3956D46DE8}") = "Observables", "Observables", "{E23F6443-65D2-4D84-A08E-5E01F103B0FD}"
EndProject
Project("{9A19103F-16F7-4668-BE54-9A1E7A4F7556}") = "AP.Observable", "Core\Observable\AP.Observable\AP.Observable.csproj", "{4A0C18BA-C419-4B78-B9B5-D9005E1FE215}"
EndProject
Project("{9A19103F-16F7-4668-BE54-9A1E7A4F7556}") = "AP.Observable.Collections", "Core\Observable\AP.Observable.Collections\AP.Observable.Collections.csproj", "{C55D2B07-FA53-4606-A41A-E2184B777BCE}"
EndProject
Project("{9A19103F-16F7-4668-BE54-9A1E7A4F7556}") = "AP.Serialization", "Core\AP.Serialization\AP.Serialization.csproj", "{07240A2E-E744-49B3-AC1E-892D4EBEFBDE}"
EndProject
Project("{2150E333-8FDC-42A3-9474-1A3956D46DE8}") = "Panacea", "Panacea", "{18D2AB84-7F84-4CA2-96CE-DE4E63120268}"
EndProject
Global
	GlobalSection(SolutionConfigurationPlatforms) = preSolution
		Debug|Any CPU = Debug|Any CPU
		Release|Any CPU = Release|Any CPU
	EndGlobalSection
	GlobalSection(ProjectConfigurationPlatforms) = postSolution
		{B9554829-A38A-4281-9EE2-019411AF6EA7}.Debug|Any CPU.ActiveCfg = Debug|Any CPU
		{B9554829-A38A-4281-9EE2-019411AF6EA7}.Debug|Any CPU.Build.0 = Debug|Any CPU
		{B9554829-A38A-4281-9EE2-019411AF6EA7}.Release|Any CPU.ActiveCfg = Release|Any CPU
		{B9554829-A38A-4281-9EE2-019411AF6EA7}.Release|Any CPU.Build.0 = Release|Any CPU
		{C80D56F5-A612-4230-AF05-DA0388A05A4A}.Debug|Any CPU.ActiveCfg = Debug|Any CPU
		{C80D56F5-A612-4230-AF05-DA0388A05A4A}.Debug|Any CPU.Build.0 = Debug|Any CPU
		{C80D56F5-A612-4230-AF05-DA0388A05A4A}.Release|Any CPU.ActiveCfg = Release|Any CPU
		{C80D56F5-A612-4230-AF05-DA0388A05A4A}.Release|Any CPU.Build.0 = Release|Any CPU
		{02D6D3B6-B0D9-4B2E-9428-81650F8C8D2F}.Debug|Any CPU.ActiveCfg = Debug|Any CPU
		{02D6D3B6-B0D9-4B2E-9428-81650F8C8D2F}.Debug|Any CPU.Build.0 = Debug|Any CPU
		{02D6D3B6-B0D9-4B2E-9428-81650F8C8D2F}.Release|Any CPU.ActiveCfg = Release|Any CPU
		{02D6D3B6-B0D9-4B2E-9428-81650F8C8D2F}.Release|Any CPU.Build.0 = Release|Any CPU
		{D5451AB1-4819-405B-BC26-791CB892F2C0}.Debug|Any CPU.ActiveCfg = Debug|Any CPU
		{D5451AB1-4819-405B-BC26-791CB892F2C0}.Debug|Any CPU.Build.0 = Debug|Any CPU
		{D5451AB1-4819-405B-BC26-791CB892F2C0}.Release|Any CPU.ActiveCfg = Release|Any CPU
		{D5451AB1-4819-405B-BC26-791CB892F2C0}.Release|Any CPU.Build.0 = Release|Any CPU
		{9981FC63-0421-4FA3-8743-58549AD10985}.Debug|Any CPU.ActiveCfg = Debug|Any CPU
		{9981FC63-0421-4FA3-8743-58549AD10985}.Debug|Any CPU.Build.0 = Debug|Any CPU
		{9981FC63-0421-4FA3-8743-58549AD10985}.Release|Any CPU.ActiveCfg = Release|Any CPU
		{9981FC63-0421-4FA3-8743-58549AD10985}.Release|Any CPU.Build.0 = Release|Any CPU
		{317BD142-45BD-486B-9242-D831B5C4D891}.Debug|Any CPU.ActiveCfg = Debug|Any CPU
		{317BD142-45BD-486B-9242-D831B5C4D891}.Debug|Any CPU.Build.0 = Debug|Any CPU
		{317BD142-45BD-486B-9242-D831B5C4D891}.Release|Any CPU.ActiveCfg = Release|Any CPU
		{317BD142-45BD-486B-9242-D831B5C4D891}.Release|Any CPU.Build.0 = Release|Any CPU
		{EB816C94-D1EB-4995-B522-F1764116CBA3}.Debug|Any CPU.ActiveCfg = Debug|Any CPU
		{EB816C94-D1EB-4995-B522-F1764116CBA3}.Debug|Any CPU.Build.0 = Debug|Any CPU
		{EB816C94-D1EB-4995-B522-F1764116CBA3}.Release|Any CPU.ActiveCfg = Release|Any CPU
		{EB816C94-D1EB-4995-B522-F1764116CBA3}.Release|Any CPU.Build.0 = Release|Any CPU
		{71992753-8797-4987-85F8-EF8CF0A60659}.Debug|Any CPU.ActiveCfg = Debug|Any CPU
		{71992753-8797-4987-85F8-EF8CF0A60659}.Debug|Any CPU.Build.0 = Debug|Any CPU
		{71992753-8797-4987-85F8-EF8CF0A60659}.Release|Any CPU.ActiveCfg = Release|Any CPU
		{71992753-8797-4987-85F8-EF8CF0A60659}.Release|Any CPU.Build.0 = Release|Any CPU
		{B3C59029-DF0A-4BF2-A33A-2005F14204FB}.Debug|Any CPU.ActiveCfg = Debug|Any CPU
		{B3C59029-DF0A-4BF2-A33A-2005F14204FB}.Debug|Any CPU.Build.0 = Debug|Any CPU
		{B3C59029-DF0A-4BF2-A33A-2005F14204FB}.Release|Any CPU.ActiveCfg = Release|Any CPU
		{B3C59029-DF0A-4BF2-A33A-2005F14204FB}.Release|Any CPU.Build.0 = Release|Any CPU
		{8801F018-7572-4C1F-8785-9D0F1A0EB931}.Debug|Any CPU.ActiveCfg = Debug|Any CPU
		{8801F018-7572-4C1F-8785-9D0F1A0EB931}.Debug|Any CPU.Build.0 = Debug|Any CPU
		{8801F018-7572-4C1F-8785-9D0F1A0EB931}.Release|Any CPU.ActiveCfg = Release|Any CPU
		{8801F018-7572-4C1F-8785-9D0F1A0EB931}.Release|Any CPU.Build.0 = Release|Any CPU
		{FED978F0-AA7C-4B45-AE3A-5980E4447138}.Debug|Any CPU.ActiveCfg = Debug|Any CPU
		{FED978F0-AA7C-4B45-AE3A-5980E4447138}.Debug|Any CPU.Build.0 = Debug|Any CPU
		{FED978F0-AA7C-4B45-AE3A-5980E4447138}.Release|Any CPU.ActiveCfg = Release|Any CPU
		{FED978F0-AA7C-4B45-AE3A-5980E4447138}.Release|Any CPU.Build.0 = Release|Any CPU
		{6AB43ED2-508A-4E8B-B6AD-4C6C06F61F9F}.Debug|Any CPU.ActiveCfg = Debug|Any CPU
		{6AB43ED2-508A-4E8B-B6AD-4C6C06F61F9F}.Debug|Any CPU.Build.0 = Debug|Any CPU
		{6AB43ED2-508A-4E8B-B6AD-4C6C06F61F9F}.Release|Any CPU.ActiveCfg = Release|Any CPU
		{6AB43ED2-508A-4E8B-B6AD-4C6C06F61F9F}.Release|Any CPU.Build.0 = Release|Any CPU
		{367C6CB7-CB5A-4DFB-86EE-877A5230C50E}.Debug|Any CPU.ActiveCfg = Debug|Any CPU
		{367C6CB7-CB5A-4DFB-86EE-877A5230C50E}.Debug|Any CPU.Build.0 = Debug|Any CPU
		{367C6CB7-CB5A-4DFB-86EE-877A5230C50E}.Release|Any CPU.ActiveCfg = Release|Any CPU
		{367C6CB7-CB5A-4DFB-86EE-877A5230C50E}.Release|Any CPU.Build.0 = Release|Any CPU
		{FB755EC5-F6F3-4E7E-9ECA-1691A9DBF8DB}.Debug|Any CPU.ActiveCfg = Debug|Any CPU
		{FB755EC5-F6F3-4E7E-9ECA-1691A9DBF8DB}.Debug|Any CPU.Build.0 = Debug|Any CPU
		{FB755EC5-F6F3-4E7E-9ECA-1691A9DBF8DB}.Release|Any CPU.ActiveCfg = Release|Any CPU
		{FB755EC5-F6F3-4E7E-9ECA-1691A9DBF8DB}.Release|Any CPU.Build.0 = Release|Any CPU
		{D37DBE96-F4B6-457D-A96F-38EABF102A0A}.Debug|Any CPU.ActiveCfg = Debug|Any CPU
		{D37DBE96-F4B6-457D-A96F-38EABF102A0A}.Debug|Any CPU.Build.0 = Debug|Any CPU
		{D37DBE96-F4B6-457D-A96F-38EABF102A0A}.Release|Any CPU.ActiveCfg = Release|Any CPU
		{D37DBE96-F4B6-457D-A96F-38EABF102A0A}.Release|Any CPU.Build.0 = Release|Any CPU
		{4A0C18BA-C419-4B78-B9B5-D9005E1FE215}.Debug|Any CPU.ActiveCfg = Debug|Any CPU
		{4A0C18BA-C419-4B78-B9B5-D9005E1FE215}.Debug|Any CPU.Build.0 = Debug|Any CPU
		{4A0C18BA-C419-4B78-B9B5-D9005E1FE215}.Release|Any CPU.ActiveCfg = Release|Any CPU
		{4A0C18BA-C419-4B78-B9B5-D9005E1FE215}.Release|Any CPU.Build.0 = Release|Any CPU
		{C55D2B07-FA53-4606-A41A-E2184B777BCE}.Debug|Any CPU.ActiveCfg = Debug|Any CPU
		{C55D2B07-FA53-4606-A41A-E2184B777BCE}.Debug|Any CPU.Build.0 = Debug|Any CPU
		{C55D2B07-FA53-4606-A41A-E2184B777BCE}.Release|Any CPU.ActiveCfg = Release|Any CPU
		{C55D2B07-FA53-4606-A41A-E2184B777BCE}.Release|Any CPU.Build.0 = Release|Any CPU
		{07240A2E-E744-49B3-AC1E-892D4EBEFBDE}.Debug|Any CPU.ActiveCfg = Debug|Any CPU
		{07240A2E-E744-49B3-AC1E-892D4EBEFBDE}.Debug|Any CPU.Build.0 = Debug|Any CPU
		{07240A2E-E744-49B3-AC1E-892D4EBEFBDE}.Release|Any CPU.ActiveCfg = Release|Any CPU
		{07240A2E-E744-49B3-AC1E-892D4EBEFBDE}.Release|Any CPU.Build.0 = Release|Any CPU
	EndGlobalSection
	GlobalSection(SolutionProperties) = preSolution
		HideSolutionNode = FALSE
	EndGlobalSection
	GlobalSection(NestedProjects) = preSolution
		{B9554829-A38A-4281-9EE2-019411AF6EA7} = {5E8FB335-A551-4245-9566-3659108BECC6}
		{C80D56F5-A612-4230-AF05-DA0388A05A4A} = {CB673ABB-1332-477F-8089-C151BC616E97}
		{02D6D3B6-B0D9-4B2E-9428-81650F8C8D2F} = {CB673ABB-1332-477F-8089-C151BC616E97}
		{D5451AB1-4819-405B-BC26-791CB892F2C0} = {B571EEDA-0CF8-44E0-A414-F2A44BD8D34F}
		{9981FC63-0421-4FA3-8743-58549AD10985} = {B571EEDA-0CF8-44E0-A414-F2A44BD8D34F}
		{317BD142-45BD-486B-9242-D831B5C4D891} = {5E8FB335-A551-4245-9566-3659108BECC6}
		{EB816C94-D1EB-4995-B522-F1764116CBA3} = {B571EEDA-0CF8-44E0-A414-F2A44BD8D34F}
		{71992753-8797-4987-85F8-EF8CF0A60659} = {B571EEDA-0CF8-44E0-A414-F2A44BD8D34F}
		{B3C59029-DF0A-4BF2-A33A-2005F14204FB} = {5E8FB335-A551-4245-9566-3659108BECC6}
		{8801F018-7572-4C1F-8785-9D0F1A0EB931} = {5E8FB335-A551-4245-9566-3659108BECC6}
		{FED978F0-AA7C-4B45-AE3A-5980E4447138} = {5E8FB335-A551-4245-9566-3659108BECC6}
		{6AB43ED2-508A-4E8B-B6AD-4C6C06F61F9F} = {5E8FB335-A551-4245-9566-3659108BECC6}
		{8D539B0A-1398-423F-8F5D-A6D6CB8E901A} = {416E6605-142D-451E-8D3E-1071D1874BD0}
		{A709C735-41C5-4C77-BD14-35D253FBA963} = {416E6605-142D-451E-8D3E-1071D1874BD0}
		{5AD4EA5E-D93E-40E6-9CD8-F0880F966196} = {416E6605-142D-451E-8D3E-1071D1874BD0}
		{367C6CB7-CB5A-4DFB-86EE-877A5230C50E} = {5AD4EA5E-D93E-40E6-9CD8-F0880F966196}
		{FB755EC5-F6F3-4E7E-9ECA-1691A9DBF8DB} = {5AD4EA5E-D93E-40E6-9CD8-F0880F966196}
		{D37DBE96-F4B6-457D-A96F-38EABF102A0A} = {5E8FB335-A551-4245-9566-3659108BECC6}
		{E23F6443-65D2-4D84-A08E-5E01F103B0FD} = {5E8FB335-A551-4245-9566-3659108BECC6}
		{4A0C18BA-C419-4B78-B9B5-D9005E1FE215} = {E23F6443-65D2-4D84-A08E-5E01F103B0FD}
		{C55D2B07-FA53-4606-A41A-E2184B777BCE} = {E23F6443-65D2-4D84-A08E-5E01F103B0FD}
		{07240A2E-E744-49B3-AC1E-892D4EBEFBDE} = {5E8FB335-A551-4245-9566-3659108BECC6}
	EndGlobalSection
	GlobalSection(ExtensibilityGlobals) = postSolution
		SolutionGuid = {5F55BB60-3537-44BC-AB10-E3338D267B94}
	EndGlobalSection
EndGlobal
