
Microsoft Visual Studio Solution File, Format Version 12.00
# Visual Studio 2013
VisualStudioVersion = 12.0.31101.0
MinimumVisualStudioVersion = 10.0.40219.1
Project("{FAE04EC0-301F-11D3-BF4B-00C04F79EFBC}") = "AP", "AP\AP.csproj", "{0636E427-8A9C-4973-998A-90A071D2D638}"
EndProject
Project("{FAE04EC0-301F-11D3-BF4B-00C04F79EFBC}") = "AP.Configuration", "AP.Configuration\AP.Configuration.csproj", "{4562A67A-61D5-447B-B477-C5CBED6EA413}"
EndProject
Project("{FAE04EC0-301F-11D3-BF4B-00C04F79EFBC}") = "AP.Data", "AP.Data\AP.Data.csproj", "{D6DC04D4-854E-4C97-97F8-15AD9F69F6C7}"
EndProject
Project("{FAE04EC0-301F-11D3-BF4B-00C04F79EFBC}") = "AP.Data.EntityFramework", "AP.Data.EntityFramework\AP.Data.EntityFramework.csproj", "{8D5E9412-B86F-4F88-B5CB-AB637DADF6CA}"
EndProject
Project("{FAE04EC0-301F-11D3-BF4B-00C04F79EFBC}") = "AP.Data.InMemory", "AP.Data.InMemory\AP.Data.InMemory.csproj", "{7DD98623-1823-4F45-9890-4F4E305744C9}"
EndProject
Project("{FAE04EC0-301F-11D3-BF4B-00C04F79EFBC}") = "AP.Data.LinqToSql", "AP.Data.LinqToSql\AP.Data.LinqToSql.csproj", "{BFB7D482-AD66-42C1-9FA0-7EF6FA432E1A}"
EndProject
Project("{FAE04EC0-301F-11D3-BF4B-00C04F79EFBC}") = "AP.Drawing", "AP.Drawing\AP.Drawing.csproj", "{A8587C4E-ECC0-4D91-9D53-F86051DA221C}"
EndProject
Project("{FAE04EC0-301F-11D3-BF4B-00C04F79EFBC}") = "AP.IO", "AP.IO\AP.IO.csproj", "{6A0AF5AE-F247-4E53-9B50-E0E406BD6729}"
EndProject
Project("{FAE04EC0-301F-11D3-BF4B-00C04F79EFBC}") = "AP.Routing", "AP.Routing\AP.Routing.csproj", "{C2FAF7E3-9A26-4CF0-A3C1-85A577479252}"
EndProject
Project("{FAE04EC0-301F-11D3-BF4B-00C04F79EFBC}") = "AP.UI", "AP.UI\AP.UI.csproj", "{89DAFBDC-01D1-423B-AACF-55ED0B0FA6CE}"
EndProject
Project("{FAE04EC0-301F-11D3-BF4B-00C04F79EFBC}") = "AP.Panacea", "AP.Panacea\AP.Panacea.csproj", "{23D59B37-207E-4CCE-94C7-C4F1E4DF130A}"
EndProject
Project("{FAE04EC0-301F-11D3-BF4B-00C04F79EFBC}") = "AP.UniformIdentifiers", "AP.UniformIdentifiers\AP.UniformIdentifiers.csproj", "{02245589-50A3-4167-9AD6-76A179DA571F}"
EndProject
Project("{FAE04EC0-301F-11D3-BF4B-00C04F79EFBC}") = "AP.Web", "AP.Web\AP.Web.csproj", "{FA98D4BA-36E3-41CA-AADC-F30DF003420F}"
EndProject
Project("{FAE04EC0-301F-11D3-BF4B-00C04F79EFBC}") = "AP.Security", "AP.Security\AP.Security.csproj", "{93AB9398-D080-4B25-B2C5-324E4625623C}"
EndProject
Project("{FAE04EC0-301F-11D3-BF4B-00C04F79EFBC}") = "AP.Security.Cryptography", "AP.Security.Cryptography\AP.Security.Cryptography.csproj", "{9DF09AC2-5F9C-470F-8E2E-FA22F75D0143}"
EndProject
Project("{FAE04EC0-301F-11D3-BF4B-00C04F79EFBC}") = "AP.Windows", "AP.Windows\AP.Windows.csproj", "{752D3232-FCCD-4B1B-BA91-2362228FA7ED}"
EndProject
Project("{FAE04EC0-301F-11D3-BF4B-00C04F79EFBC}") = "AP.Panacea.Web", "AP.Panacea.Web\AP.Panacea.Web.csproj", "{C52E6FB1-C80D-4EB4-AB19-E38409D282F8}"
EndProject
Project("{FAE04EC0-301F-11D3-BF4B-00C04F79EFBC}") = "AP.Panacea.Windows", "AP.Panacea.Windows\AP.Panacea.Windows.csproj", "{9993369D-FAE3-46A0-9A8E-4B6613853FA4}"
EndProject
Project("{FAE04EC0-301F-11D3-BF4B-00C04F79EFBC}") = "AP.Panacea.Windows.DemoApp", "AP.Panacea.Windows.DemoApp\AP.Panacea.Windows.DemoApp.csproj", "{C60BC5A7-32B6-4266-AB13-4B7F55B7B6D4}"
EndProject
Project("{FAE04EC0-301F-11D3-BF4B-00C04F79EFBC}") = "AP.Panacea.Web.DemoApp", "AP.Panacea.Web.DemoApp\AP.Panacea.Web.DemoApp.csproj", "{2A0FDAB7-A8AB-4557-B398-7D650D5FF84B}"
EndProject
Global
	GlobalSection(TeamFoundationVersionControl) = preSolution
		SccNumberOfProjects = 21
		SccEnterpriseProvider = {4CA58AB2-18FA-4F8D-95D4-32DDF27D184C}
		SccTeamFoundationServer = https://tfs.codeplex.com/tfs/tfs37
		SccLocalPath0 = .
		SccProjectUniqueName1 = AP.Configuration\\AP.Configuration.csproj
		SccProjectName1 = AP.Configuration
		SccLocalPath1 = AP.Configuration
		SccProjectUniqueName2 = AP.Data.EntityFramework\\AP.Data.EntityFramework.csproj
		SccProjectName2 = AP.Data.EntityFramework
		SccLocalPath2 = AP.Data.EntityFramework
		SccProjectUniqueName3 = AP.Data.InMemory\\AP.Data.InMemory.csproj
		SccProjectName3 = AP.Data.InMemory
		SccLocalPath3 = AP.Data.InMemory
		SccProjectUniqueName4 = AP.Data.LinqToSql\\AP.Data.LinqToSql.csproj
		SccProjectName4 = AP.Data.LinqToSql
		SccLocalPath4 = AP.Data.LinqToSql
		SccProjectUniqueName5 = AP.Data\\AP.Data.csproj
		SccProjectName5 = AP.Data
		SccLocalPath5 = AP.Data
		SccProjectUniqueName6 = AP.Drawing\\AP.Drawing.csproj
		SccProjectName6 = AP.Drawing
		SccLocalPath6 = AP.Drawing
		SccProjectUniqueName7 = AP.IO\\AP.IO.csproj
		SccProjectName7 = AP.IO
		SccLocalPath7 = AP.IO
		SccProjectUniqueName8 = AP.Panacea.Web\\AP.Panacea.Web.csproj
		SccProjectName8 = AP.Panacea.Web
		SccLocalPath8 = AP.Panacea.Web
		SccProjectUniqueName9 = AP.Panacea.Windows\\AP.Panacea.Windows.csproj
		SccProjectName9 = AP.Panacea.Windows
		SccLocalPath9 = AP.Panacea.Windows
		SccProjectUniqueName10 = AP.Panacea\\AP.Panacea.csproj
		SccProjectName10 = AP.Panacea
		SccLocalPath10 = AP.Panacea
		SccProjectUniqueName11 = AP.Routing\\AP.Routing.csproj
		SccProjectName11 = AP.Routing
		SccLocalPath11 = AP.Routing
		SccProjectUniqueName12 = AP.Security.Cryptography\\AP.Security.Cryptography.csproj
		SccProjectName12 = AP.Security.Cryptography
		SccLocalPath12 = AP.Security.Cryptography
		SccProjectUniqueName13 = AP.Security\\AP.Security.csproj
		SccProjectName13 = AP.Security
		SccLocalPath13 = AP.Security
		SccProjectUniqueName14 = AP.UI\\AP.UI.csproj
		SccProjectName14 = AP.UI
		SccLocalPath14 = AP.UI
		SccProjectUniqueName15 = AP.UniformIdentifiers\\AP.UniformIdentifiers.csproj
		SccProjectName15 = AP.UniformIdentifiers
		SccLocalPath15 = AP.UniformIdentifiers
		SccProjectUniqueName16 = AP.Web\\AP.Web.csproj
		SccProjectName16 = AP.Web
		SccLocalPath16 = AP.Web
		SccProjectUniqueName17 = AP.Windows\\AP.Windows.csproj
		SccProjectName17 = AP.Windows
		SccLocalPath17 = AP.Windows
		SccProjectUniqueName18 = AP\\AP.csproj
		SccProjectName18 = AP
		SccLocalPath18 = AP
		SccProjectUniqueName19 = AP.Panacea.Windows.DemoApp\\AP.Panacea.Windows.DemoApp.csproj
		SccProjectName19 = AP.Panacea.Windows.DemoApp
		SccLocalPath19 = AP.Panacea.Windows.DemoApp
		SccProjectUniqueName20 = AP.Panacea.Web.DemoApp\\AP.Panacea.Web.DemoApp.csproj
		SccProjectName20 = AP.Panacea.Web.DemoApp
		SccLocalPath20 = AP.Panacea.Web.DemoApp
	EndGlobalSection
	GlobalSection(SolutionConfigurationPlatforms) = preSolution
		Debug|Any CPU = Debug|Any CPU
		Release|Any CPU = Release|Any CPU
	EndGlobalSection
	GlobalSection(ProjectConfigurationPlatforms) = postSolution
		{0636E427-8A9C-4973-998A-90A071D2D638}.Debug|Any CPU.ActiveCfg = Debug|Any CPU
		{0636E427-8A9C-4973-998A-90A071D2D638}.Debug|Any CPU.Build.0 = Debug|Any CPU
		{0636E427-8A9C-4973-998A-90A071D2D638}.Release|Any CPU.ActiveCfg = Release|Any CPU
		{0636E427-8A9C-4973-998A-90A071D2D638}.Release|Any CPU.Build.0 = Release|Any CPU
		{4562A67A-61D5-447B-B477-C5CBED6EA413}.Debug|Any CPU.ActiveCfg = Debug|Any CPU
		{4562A67A-61D5-447B-B477-C5CBED6EA413}.Debug|Any CPU.Build.0 = Debug|Any CPU
		{4562A67A-61D5-447B-B477-C5CBED6EA413}.Release|Any CPU.ActiveCfg = Release|Any CPU
		{4562A67A-61D5-447B-B477-C5CBED6EA413}.Release|Any CPU.Build.0 = Release|Any CPU
		{D6DC04D4-854E-4C97-97F8-15AD9F69F6C7}.Debug|Any CPU.ActiveCfg = Debug|Any CPU
		{D6DC04D4-854E-4C97-97F8-15AD9F69F6C7}.Debug|Any CPU.Build.0 = Debug|Any CPU
		{D6DC04D4-854E-4C97-97F8-15AD9F69F6C7}.Release|Any CPU.ActiveCfg = Release|Any CPU
		{D6DC04D4-854E-4C97-97F8-15AD9F69F6C7}.Release|Any CPU.Build.0 = Release|Any CPU
		{8D5E9412-B86F-4F88-B5CB-AB637DADF6CA}.Debug|Any CPU.ActiveCfg = Debug|Any CPU
		{8D5E9412-B86F-4F88-B5CB-AB637DADF6CA}.Debug|Any CPU.Build.0 = Debug|Any CPU
		{8D5E9412-B86F-4F88-B5CB-AB637DADF6CA}.Release|Any CPU.ActiveCfg = Release|Any CPU
		{8D5E9412-B86F-4F88-B5CB-AB637DADF6CA}.Release|Any CPU.Build.0 = Release|Any CPU
		{7DD98623-1823-4F45-9890-4F4E305744C9}.Debug|Any CPU.ActiveCfg = Debug|Any CPU
		{7DD98623-1823-4F45-9890-4F4E305744C9}.Debug|Any CPU.Build.0 = Debug|Any CPU
		{7DD98623-1823-4F45-9890-4F4E305744C9}.Release|Any CPU.ActiveCfg = Release|Any CPU
		{7DD98623-1823-4F45-9890-4F4E305744C9}.Release|Any CPU.Build.0 = Release|Any CPU
		{BFB7D482-AD66-42C1-9FA0-7EF6FA432E1A}.Debug|Any CPU.ActiveCfg = Debug|Any CPU
		{BFB7D482-AD66-42C1-9FA0-7EF6FA432E1A}.Debug|Any CPU.Build.0 = Debug|Any CPU
		{BFB7D482-AD66-42C1-9FA0-7EF6FA432E1A}.Release|Any CPU.ActiveCfg = Release|Any CPU
		{BFB7D482-AD66-42C1-9FA0-7EF6FA432E1A}.Release|Any CPU.Build.0 = Release|Any CPU
		{A8587C4E-ECC0-4D91-9D53-F86051DA221C}.Debug|Any CPU.ActiveCfg = Debug|Any CPU
		{A8587C4E-ECC0-4D91-9D53-F86051DA221C}.Debug|Any CPU.Build.0 = Debug|Any CPU
		{A8587C4E-ECC0-4D91-9D53-F86051DA221C}.Release|Any CPU.ActiveCfg = Release|Any CPU
		{A8587C4E-ECC0-4D91-9D53-F86051DA221C}.Release|Any CPU.Build.0 = Release|Any CPU
		{6A0AF5AE-F247-4E53-9B50-E0E406BD6729}.Debug|Any CPU.ActiveCfg = Debug|Any CPU
		{6A0AF5AE-F247-4E53-9B50-E0E406BD6729}.Debug|Any CPU.Build.0 = Debug|Any CPU
		{6A0AF5AE-F247-4E53-9B50-E0E406BD6729}.Release|Any CPU.ActiveCfg = Release|Any CPU
		{6A0AF5AE-F247-4E53-9B50-E0E406BD6729}.Release|Any CPU.Build.0 = Release|Any CPU
		{C2FAF7E3-9A26-4CF0-A3C1-85A577479252}.Debug|Any CPU.ActiveCfg = Debug|Any CPU
		{C2FAF7E3-9A26-4CF0-A3C1-85A577479252}.Debug|Any CPU.Build.0 = Debug|Any CPU
		{C2FAF7E3-9A26-4CF0-A3C1-85A577479252}.Release|Any CPU.ActiveCfg = Release|Any CPU
		{C2FAF7E3-9A26-4CF0-A3C1-85A577479252}.Release|Any CPU.Build.0 = Release|Any CPU
		{89DAFBDC-01D1-423B-AACF-55ED0B0FA6CE}.Debug|Any CPU.ActiveCfg = Debug|Any CPU
		{89DAFBDC-01D1-423B-AACF-55ED0B0FA6CE}.Debug|Any CPU.Build.0 = Debug|Any CPU
		{89DAFBDC-01D1-423B-AACF-55ED0B0FA6CE}.Release|Any CPU.ActiveCfg = Release|Any CPU
		{89DAFBDC-01D1-423B-AACF-55ED0B0FA6CE}.Release|Any CPU.Build.0 = Release|Any CPU
		{23D59B37-207E-4CCE-94C7-C4F1E4DF130A}.Debug|Any CPU.ActiveCfg = Debug|Any CPU
		{23D59B37-207E-4CCE-94C7-C4F1E4DF130A}.Debug|Any CPU.Build.0 = Debug|Any CPU
		{23D59B37-207E-4CCE-94C7-C4F1E4DF130A}.Release|Any CPU.ActiveCfg = Release|Any CPU
		{23D59B37-207E-4CCE-94C7-C4F1E4DF130A}.Release|Any CPU.Build.0 = Release|Any CPU
		{02245589-50A3-4167-9AD6-76A179DA571F}.Debug|Any CPU.ActiveCfg = Debug|Any CPU
		{02245589-50A3-4167-9AD6-76A179DA571F}.Debug|Any CPU.Build.0 = Debug|Any CPU
		{02245589-50A3-4167-9AD6-76A179DA571F}.Release|Any CPU.ActiveCfg = Release|Any CPU
		{02245589-50A3-4167-9AD6-76A179DA571F}.Release|Any CPU.Build.0 = Release|Any CPU
		{FA98D4BA-36E3-41CA-AADC-F30DF003420F}.Debug|Any CPU.ActiveCfg = Debug|Any CPU
		{FA98D4BA-36E3-41CA-AADC-F30DF003420F}.Debug|Any CPU.Build.0 = Debug|Any CPU
		{FA98D4BA-36E3-41CA-AADC-F30DF003420F}.Release|Any CPU.ActiveCfg = Release|Any CPU
		{FA98D4BA-36E3-41CA-AADC-F30DF003420F}.Release|Any CPU.Build.0 = Release|Any CPU
		{93AB9398-D080-4B25-B2C5-324E4625623C}.Debug|Any CPU.ActiveCfg = Debug|Any CPU
		{93AB9398-D080-4B25-B2C5-324E4625623C}.Debug|Any CPU.Build.0 = Debug|Any CPU
		{93AB9398-D080-4B25-B2C5-324E4625623C}.Release|Any CPU.ActiveCfg = Release|Any CPU
		{93AB9398-D080-4B25-B2C5-324E4625623C}.Release|Any CPU.Build.0 = Release|Any CPU
		{9DF09AC2-5F9C-470F-8E2E-FA22F75D0143}.Debug|Any CPU.ActiveCfg = Debug|Any CPU
		{9DF09AC2-5F9C-470F-8E2E-FA22F75D0143}.Debug|Any CPU.Build.0 = Debug|Any CPU
		{9DF09AC2-5F9C-470F-8E2E-FA22F75D0143}.Release|Any CPU.ActiveCfg = Release|Any CPU
		{9DF09AC2-5F9C-470F-8E2E-FA22F75D0143}.Release|Any CPU.Build.0 = Release|Any CPU
		{752D3232-FCCD-4B1B-BA91-2362228FA7ED}.Debug|Any CPU.ActiveCfg = Debug|Any CPU
		{752D3232-FCCD-4B1B-BA91-2362228FA7ED}.Debug|Any CPU.Build.0 = Debug|Any CPU
		{752D3232-FCCD-4B1B-BA91-2362228FA7ED}.Release|Any CPU.ActiveCfg = Release|Any CPU
		{752D3232-FCCD-4B1B-BA91-2362228FA7ED}.Release|Any CPU.Build.0 = Release|Any CPU
		{C52E6FB1-C80D-4EB4-AB19-E38409D282F8}.Debug|Any CPU.ActiveCfg = Debug|Any CPU
		{C52E6FB1-C80D-4EB4-AB19-E38409D282F8}.Debug|Any CPU.Build.0 = Debug|Any CPU
		{C52E6FB1-C80D-4EB4-AB19-E38409D282F8}.Release|Any CPU.ActiveCfg = Release|Any CPU
		{C52E6FB1-C80D-4EB4-AB19-E38409D282F8}.Release|Any CPU.Build.0 = Release|Any CPU
		{9993369D-FAE3-46A0-9A8E-4B6613853FA4}.Debug|Any CPU.ActiveCfg = Debug|Any CPU
		{9993369D-FAE3-46A0-9A8E-4B6613853FA4}.Debug|Any CPU.Build.0 = Debug|Any CPU
		{9993369D-FAE3-46A0-9A8E-4B6613853FA4}.Release|Any CPU.ActiveCfg = Release|Any CPU
		{9993369D-FAE3-46A0-9A8E-4B6613853FA4}.Release|Any CPU.Build.0 = Release|Any CPU
		{C60BC5A7-32B6-4266-AB13-4B7F55B7B6D4}.Debug|Any CPU.ActiveCfg = Debug|Any CPU
		{C60BC5A7-32B6-4266-AB13-4B7F55B7B6D4}.Debug|Any CPU.Build.0 = Debug|Any CPU
		{C60BC5A7-32B6-4266-AB13-4B7F55B7B6D4}.Release|Any CPU.ActiveCfg = Release|Any CPU
		{C60BC5A7-32B6-4266-AB13-4B7F55B7B6D4}.Release|Any CPU.Build.0 = Release|Any CPU
		{2A0FDAB7-A8AB-4557-B398-7D650D5FF84B}.Debug|Any CPU.ActiveCfg = Debug|Any CPU
		{2A0FDAB7-A8AB-4557-B398-7D650D5FF84B}.Debug|Any CPU.Build.0 = Debug|Any CPU
		{2A0FDAB7-A8AB-4557-B398-7D650D5FF84B}.Release|Any CPU.ActiveCfg = Release|Any CPU
		{2A0FDAB7-A8AB-4557-B398-7D650D5FF84B}.Release|Any CPU.Build.0 = Release|Any CPU
	EndGlobalSection
	GlobalSection(SolutionProperties) = preSolution
		HideSolutionNode = FALSE
	EndGlobalSection
EndGlobal
