
Microsoft Visual Studio Solution File, Format Version 12.00
# Visual Studio 2012
Project("{FAE04EC0-301F-11D3-BF4B-00C04F79EFBC}") = "AP.Data", "AP.Data.csproj", "{D6DC04D4-854E-4C97-97F8-15AD9F69F6C7}"
EndProject
Project("{FAE04EC0-301F-11D3-BF4B-00C04F79EFBC}") = "AP", "..\AP\AP.csproj", "{0636E427-8A9C-4973-998A-90A071D2D638}"
EndProject
Project("{FAE04EC0-301F-11D3-BF4B-00C04F79EFBC}") = "UnitTests", "UnitTests\UnitTests.csproj", "{23DFDB56-5CC3-4098-BC5E-CEF113A5C3F9}"
EndProject
Global
	GlobalSection(SolutionConfigurationPlatforms) = preSolution
		Debug|Any CPU = Debug|Any CPU
		Release|Any CPU = Release|Any CPU
	EndGlobalSection
	GlobalSection(ProjectConfigurationPlatforms) = postSolution
		{D6DC04D4-854E-4C97-97F8-15AD9F69F6C7}.Debug|Any CPU.ActiveCfg = Debug|Any CPU
		{D6DC04D4-854E-4C97-97F8-15AD9F69F6C7}.Debug|Any CPU.Build.0 = Debug|Any CPU
		{D6DC04D4-854E-4C97-97F8-15AD9F69F6C7}.Release|Any CPU.ActiveCfg = Release|Any CPU
		{D6DC04D4-854E-4C97-97F8-15AD9F69F6C7}.Release|Any CPU.Build.0 = Release|Any CPU
		{0636E427-8A9C-4973-998A-90A071D2D638}.Debug|Any CPU.ActiveCfg = Debug|Any CPU
		{0636E427-8A9C-4973-998A-90A071D2D638}.Debug|Any CPU.Build.0 = Debug|Any CPU
		{0636E427-8A9C-4973-998A-90A071D2D638}.Release|Any CPU.ActiveCfg = Release|Any CPU
		{0636E427-8A9C-4973-998A-90A071D2D638}.Release|Any CPU.Build.0 = Release|Any CPU
		{23DFDB56-5CC3-4098-BC5E-CEF113A5C3F9}.Debug|Any CPU.ActiveCfg = Debug|Any CPU
		{23DFDB56-5CC3-4098-BC5E-CEF113A5C3F9}.Debug|Any CPU.Build.0 = Debug|Any CPU
		{23DFDB56-5CC3-4098-BC5E-CEF113A5C3F9}.Release|Any CPU.ActiveCfg = Release|Any CPU
		{23DFDB56-5CC3-4098-BC5E-CEF113A5C3F9}.Release|Any CPU.Build.0 = Release|Any CPU
	EndGlobalSection
	GlobalSection(SolutionProperties) = preSolution
		HideSolutionNode = FALSE
	EndGlobalSection
EndGlobal
